// !$*UTF8*$!
{
	archiveVersion = 1;
	classes = {
	};
	objectVersion = 46;
	objects = {

/* Begin PBXBuildFile section */
		445BB04D1AE73F4300F87BF3 /* AppDelegate.swift in Sources */ = {isa = PBXBuildFile; fileRef = 445BB04C1AE73F4300F87BF3 /* AppDelegate.swift */; };
		445BB0501AE73F4300F87BF3 /* Tips_With_Tabs.xcdatamodeld in Sources */ = {isa = PBXBuildFile; fileRef = 445BB04E1AE73F4300F87BF3 /* Tips_With_Tabs.xcdatamodeld */; };
		445BB0521AE73F4300F87BF3 /* ViewController.swift in Sources */ = {isa = PBXBuildFile; fileRef = 445BB0511AE73F4300F87BF3 /* ViewController.swift */; };
		445BB0551AE73F4300F87BF3 /* Main.storyboard in Resources */ = {isa = PBXBuildFile; fileRef = 445BB0531AE73F4300F87BF3 /* Main.storyboard */; };
		445BB0571AE73F4300F87BF3 /* Images.xcassets in Resources */ = {isa = PBXBuildFile; fileRef = 445BB0561AE73F4300F87BF3 /* Images.xcassets */; };
		445BB05A1AE73F4300F87BF3 /* LaunchScreen.xib in Resources */ = {isa = PBXBuildFile; fileRef = 445BB0581AE73F4300F87BF3 /* LaunchScreen.xib */; };
		445BB0661AE73F4300F87BF3 /* Tips_With_TabsTests.swift in Sources */ = {isa = PBXBuildFile; fileRef = 445BB0651AE73F4300F87BF3 /* Tips_With_TabsTests.swift */; };
/* End PBXBuildFile section */

/* Begin PBXContainerItemProxy section */
		445BB0601AE73F4300F87BF3 /* PBXContainerItemProxy */ = {
			isa = PBXContainerItemProxy;
			containerPortal = 445BB03F1AE73F4300F87BF3 /* Project object */;
			proxyType = 1;
			remoteGlobalIDString = 445BB0461AE73F4300F87BF3;
			remoteInfo = "Tips With Tabs";
		};
/* End PBXContainerItemProxy section */

/* Begin PBXFileReference section */
		445BB0471AE73F4300F87BF3 /* Tips With Tabs.app */ = {isa = PBXFileReference; explicitFileType = wrapper.application; includeInIndex = 0; path = "Tips With Tabs.app"; sourceTree = BUILT_PRODUCTS_DIR; };
		445BB04B1AE73F4300F87BF3 /* Info.plist */ = {isa = PBXFileReference; lastKnownFileType = text.plist.xml; path = Info.plist; sourceTree = "<group>"; };
		445BB04C1AE73F4300F87BF3 /* AppDelegate.swift */ = {isa = PBXFileReference; lastKnownFileType = sourcecode.swift; path = AppDelegate.swift; sourceTree = "<group>"; };
		445BB04F1AE73F4300F87BF3 /* Tips_With_Tabs.xcdatamodel */ = {isa = PBXFileReference; lastKnownFileType = wrapper.xcdatamodel; path = Tips_With_Tabs.xcdatamodel; sourceTree = "<group>"; };
		445BB0511AE73F4300F87BF3 /* ViewController.swift */ = {isa = PBXFileReference; lastKnownFileType = sourcecode.swift; path = ViewController.swift; sourceTree = "<group>"; };
		445BB0541AE73F4300F87BF3 /* Base */ = {isa = PBXFileReference; lastKnownFileType = file.storyboard; name = Base; path = Base.lproj/Main.storyboard; sourceTree = "<group>"; };
		445BB0561AE73F4300F87BF3 /* Images.xcassets */ = {isa = PBXFileReference; lastKnownFileType = folder.assetcatalog; path = Images.xcassets; sourceTree = "<group>"; };
		445BB0591AE73F4300F87BF3 /* Base */ = {isa = PBXFileReference; lastKnownFileType = file.xib; name = Base; path = Base.lproj/LaunchScreen.xib; sourceTree = "<group>"; };
		445BB05F1AE73F4300F87BF3 /* Tips With TabsTests.xctest */ = {isa = PBXFileReference; explicitFileType = wrapper.cfbundle; includeInIndex = 0; path = "Tips With TabsTests.xctest"; sourceTree = BUILT_PRODUCTS_DIR; };
		445BB0641AE73F4300F87BF3 /* Info.plist */ = {isa = PBXFileReference; lastKnownFileType = text.plist.xml; path = Info.plist; sourceTree = "<group>"; };
		445BB0651AE73F4300F87BF3 /* Tips_With_TabsTests.swift */ = {isa = PBXFileReference; lastKnownFileType = sourcecode.swift; path = Tips_With_TabsTests.swift; sourceTree = "<group>"; };
/* End PBXFileReference section */

/* Begin PBXFrameworksBuildPhase section */
		445BB0441AE73F4300F87BF3 /* Frameworks */ = {
			isa = PBXFrameworksBuildPhase;
			buildActionMask = 2147483647;
			files = (
			);
			runOnlyForDeploymentPostprocessing = 0;
		};
		445BB05C1AE73F4300F87BF3 /* Frameworks */ = {
			isa = PBXFrameworksBuildPhase;
			buildActionMask = 2147483647;
			files = (
			);
			runOnlyForDeploymentPostprocessing = 0;
		};
/* End PBXFrameworksBuildPhase section */

/* Begin PBXGroup section */
		445BB03E1AE73F4300F87BF3 = {
			isa = PBXGroup;
			children = (
				445BB0491AE73F4300F87BF3 /* Tips With Tabs */,
				445BB0621AE73F4300F87BF3 /* Tips With TabsTests */,
				445BB0481AE73F4300F87BF3 /* Products */,
			);
			sourceTree = "<group>";
		};
		445BB0481AE73F4300F87BF3 /* Products */ = {
			isa = PBXGroup;
			children = (
				445BB0471AE73F4300F87BF3 /* Tips With Tabs.app */,
				445BB05F1AE73F4300F87BF3 /* Tips With TabsTests.xctest */,
			);
			name = Products;
			sourceTree = "<group>";
		};
		445BB0491AE73F4300F87BF3 /* Tips With Tabs */ = {
			isa = PBXGroup;
			children = (
				445BB04C1AE73F4300F87BF3 /* AppDelegate.swift */,
				445BB0511AE73F4300F87BF3 /* ViewController.swift */,
				445BB0531AE73F4300F87BF3 /* Main.storyboard */,
				445BB0561AE73F4300F87BF3 /* Images.xcassets */,
				445BB0581AE73F4300F87BF3 /* LaunchScreen.xib */,
				445BB04E1AE73F4300F87BF3 /* Tips_With_Tabs.xcdatamodeld */,
				445BB04A1AE73F4300F87BF3 /* Supporting Files */,
			);
			path = "Tips With Tabs";
			sourceTree = "<group>";
		};
		445BB04A1AE73F4300F87BF3 /* Supporting Files */ = {
			isa = PBXGroup;
			children = (
				445BB04B1AE73F4300F87BF3 /* Info.plist */,
			);
			name = "Supporting Files";
			sourceTree = "<group>";
		};
		445BB0621AE73F4300F87BF3 /* Tips With TabsTests */ = {
			isa = PBXGroup;
			children = (
				445BB0651AE73F4300F87BF3 /* Tips_With_TabsTests.swift */,
				445BB0631AE73F4300F87BF3 /* Supporting Files */,
			);
			path = "Tips With TabsTests";
			sourceTree = "<group>";
		};
		445BB0631AE73F4300F87BF3 /* Supporting Files */ = {
			isa = PBXGroup;
			children = (
				445BB0641AE73F4300F87BF3 /* Info.plist */,
			);
			name = "Supporting Files";
			sourceTree = "<group>";
		};
/* End PBXGroup section */

/* Begin PBXNativeTarget section */
		445BB0461AE73F4300F87BF3 /* Tips With Tabs */ = {
			isa = PBXNativeTarget;
			buildConfigurationList = 445BB0691AE73F4300F87BF3 /* Build configuration list for PBXNativeTarget "Tips With Tabs" */;
			buildPhases = (
				445BB0431AE73F4300F87BF3 /* Sources */,
				445BB0441AE73F4300F87BF3 /* Frameworks */,
				445BB0451AE73F4300F87BF3 /* Resources */,
			);
			buildRules = (
			);
			dependencies = (
			);
			name = "Tips With Tabs";
			productName = "Tips With Tabs";
			productReference = 445BB0471AE73F4300F87BF3 /* Tips With Tabs.app */;
			productType = "com.apple.product-type.application";
		};
		445BB05E1AE73F4300F87BF3 /* Tips With TabsTests */ = {
			isa = PBXNativeTarget;
			buildConfigurationList = 445BB06C1AE73F4300F87BF3 /* Build configuration list for PBXNativeTarget "Tips With TabsTests" */;
			buildPhases = (
				445BB05B1AE73F4300F87BF3 /* Sources */,
				445BB05C1AE73F4300F87BF3 /* Frameworks */,
				445BB05D1AE73F4300F87BF3 /* Resources */,
			);
			buildRules = (
			);
			dependencies = (
				445BB0611AE73F4300F87BF3 /* PBXTargetDependency */,
			);
			name = "Tips With TabsTests";
			productName = "Tips With TabsTests";
			productReference = 445BB05F1AE73F4300F87BF3 /* Tips With TabsTests.xctest */;
			productType = "com.apple.product-type.bundle.unit-test";
		};
/* End PBXNativeTarget section */

/* Begin PBXProject section */
		445BB03F1AE73F4300F87BF3 /* Project object */ = {
			isa = PBXProject;
			attributes = {
				LastUpgradeCheck = 0630;
				ORGANIZATIONNAME = "Derrick Fox";
				TargetAttributes = {
					445BB0461AE73F4300F87BF3 = {
						CreatedOnToolsVersion = 6.3;
					};
					445BB05E1AE73F4300F87BF3 = {
						CreatedOnToolsVersion = 6.3;
						TestTargetID = 445BB0461AE73F4300F87BF3;
					};
				};
			};
			buildConfigurationList = 445BB0421AE73F4300F87BF3 /* Build configuration list for PBXProject "Tips With Tabs" */;
			compatibilityVersion = "Xcode 3.2";
			developmentRegion = English;
			hasScannedForEncodings = 0;
			knownRegions = (
				en,
				Base,
			);
			mainGroup = 445BB03E1AE73F4300F87BF3;
			productRefGroup = 445BB0481AE73F4300F87BF3 /* Products */;
			projectDirPath = "";
			projectRoot = "";
			targets = (
				445BB0461AE73F4300F87BF3 /* Tips With Tabs */,
				445BB05E1AE73F4300F87BF3 /* Tips With TabsTests */,
			);
		};
/* End PBXProject section */

/* Begin PBXResourcesBuildPhase section */
		445BB0451AE73F4300F87BF3 /* Resources */ = {
			isa = PBXResourcesBuildPhase;
			buildActionMask = 2147483647;
			files = (
				445BB0551AE73F4300F87BF3 /* Main.storyboard in Resources */,
				445BB05A1AE73F4300F87BF3 /* LaunchScreen.xib in Resources */,
				445BB0571AE73F4300F87BF3 /* Images.xcassets in Resources */,
			);
			runOnlyForDeploymentPostprocessing = 0;
		};
		445BB05D1AE73F4300F87BF3 /* Resources */ = {
			isa = PBXResourcesBuildPhase;
			buildActionMask = 2147483647;
			files = (
			);
			runOnlyForDeploymentPostprocessing = 0;
		};
/* End PBXResourcesBuildPhase section */

/* Begin PBXSourcesBuildPhase section */
		445BB0431AE73F4300F87BF3 /* Sources */ = {
			isa = PBXSourcesBuildPhase;
			buildActionMask = 2147483647;
			files = (
				445BB0521AE73F4300F87BF3 /* ViewController.swift in Sources */,
				445BB04D1AE73F4300F87BF3 /* AppDelegate.swift in Sources */,
				445BB0501AE73F4300F87BF3 /* Tips_With_Tabs.xcdatamodeld in Sources */,
			);
			runOnlyForDeploymentPostprocessing = 0;
		};
		445BB05B1AE73F4300F87BF3 /* Sources */ = {
			isa = PBXSourcesBuildPhase;
			buildActionMask = 2147483647;
			files = (
				445BB0661AE73F4300F87BF3 /* Tips_With_TabsTests.swift in Sources */,
			);
			runOnlyForDeploymentPostprocessing = 0;
		};
/* End PBXSourcesBuildPhase section */

/* Begin PBXTargetDependency section */
		445BB0611AE73F4300F87BF3 /* PBXTargetDependency */ = {
			isa = PBXTargetDependency;
			target = 445BB0461AE73F4300F87BF3 /* Tips With Tabs */;
			targetProxy = 445BB0601AE73F4300F87BF3 /* PBXContainerItemProxy */;
		};
/* End PBXTargetDependency section */

/* Begin PBXVariantGroup section */
		445BB0531AE73F4300F87BF3 /* Main.storyboard */ = {
			isa = PBXVariantGroup;
			children = (
				445BB0541AE73F4300F87BF3 /* Base */,
			);
			name = Main.storyboard;
			sourceTree = "<group>";
		};
		445BB0581AE73F4300F87BF3 /* LaunchScreen.xib */ = {
			isa = PBXVariantGroup;
			children = (
				445BB0591AE73F4300F87BF3 /* Base */,
			);
			name = LaunchScreen.xib;
			sourceTree = "<group>";
		};
/* End PBXVariantGroup section */

/* Begin XCBuildConfiguration section */
		445BB0671AE73F4300F87BF3 /* Debug */ = {
			isa = XCBuildConfiguration;
			buildSettings = {
				ALWAYS_SEARCH_USER_PATHS = NO;
				CLANG_CXX_LANGUAGE_STANDARD = "gnu++0x";
				CLANG_CXX_LIBRARY = "libc++";
				CLANG_ENABLE_MODULES = YES;
				CLANG_ENABLE_OBJC_ARC = YES;
				CLANG_WARN_BOOL_CONVERSION = YES;
				CLANG_WARN_CONSTANT_CONVERSION = YES;
				CLANG_WARN_DIRECT_OBJC_ISA_USAGE = YES_ERROR;
				CLANG_WARN_EMPTY_BODY = YES;
				CLANG_WARN_ENUM_CONVERSION = YES;
				CLANG_WARN_INT_CONVERSION = YES;
				CLANG_WARN_OBJC_ROOT_CLASS = YES_ERROR;
				CLANG_WARN_UNREACHABLE_CODE = YES;
				CLANG_WARN__DUPLICATE_METHOD_MATCH = YES;
				"CODE_SIGN_IDENTITY[sdk=iphoneos*]" = "iPhone Developer";
				COPY_PHASE_STRIP = NO;
				DEBUG_INFORMATION_FORMAT = "dwarf-with-dsym";
				ENABLE_STRICT_OBJC_MSGSEND = YES;
				GCC_C_LANGUAGE_STANDARD = gnu99;
				GCC_DYNAMIC_NO_PIC = NO;
				GCC_NO_COMMON_BLOCKS = YES;
				GCC_OPTIMIZATION_LEVEL = 0;
				GCC_PREPROCESSOR_DEFINITIONS = (
					"DEBUG=1",
					"$(inherited)",
				);
				GCC_SYMBOLS_PRIVATE_EXTERN = NO;
				GCC_WARN_64_TO_32_BIT_CONVERSION = YES;
				GCC_WARN_ABOUT_RETURN_TYPE = YES_ERROR;
				GCC_WARN_UNDECLARED_SELECTOR = YES;
				GCC_WARN_UNINITIALIZED_AUTOS = YES_AGGRESSIVE;
				GCC_WARN_UNUSED_FUNCTION = YES;
				GCC_WARN_UNUSED_VARIABLE = YES;
				IPHONEOS_DEPLOYMENT_TARGET = 8.3;
				MTL_ENABLE_DEBUG_INFO = YES;
				ONLY_ACTIVE_ARCH = YES;
				SDKROOT = iphoneos;
				SWIFT_OPTIMIZATION_LEVEL = "-Onone";
			};
			name = Debug;
		};
		445BB0681AE73F4300F87BF3 /* Release */ = {
			isa = XCBuildConfiguration;
			buildSettings = {
				ALWAYS_SEARCH_USER_PATHS = NO;
				CLANG_CXX_LANGUAGE_STANDARD = "gnu++0x";
				CLANG_CXX_LIBRARY = "libc++";
				CLANG_ENABLE_MODULES = YES;
				CLANG_ENABLE_OBJC_ARC = YES;
				CLANG_WARN_BOOL_CONVERSION = YES;
				CLANG_WARN_CONSTANT_CONVERSION = YES;
				CLANG_WARN_DIRECT_OBJC_ISA_USAGE = YES_ERROR;
				CLANG_WARN_EMPTY_BODY = YES;
				CLANG_WARN_ENUM_CONVERSION = YES;
				CLANG_WARN_INT_CONVERSION = YES;
				CLANG_WARN_OBJC_ROOT_CLASS = YES_ERROR;
				CLANG_WARN_UNREACHABLE_CODE = YES;
				CLANG_WARN__DUPLICATE_METHOD_MATCH = YES;
				"CODE_SIGN_IDENTITY[sdk=iphoneos*]" = "iPhone Developer";
				COPY_PHASE_STRIP = NO;
				DEBUG_INFORMATION_FORMAT = "dwarf-with-dsym";
				ENABLE_NS_ASSERTIONS = NO;
				ENABLE_STRICT_OBJC_MSGSEND = YES;
				GCC_C_LANGUAGE_STANDARD = gnu99;
				GCC_NO_COMMON_BLOCKS = YES;
				GCC_WARN_64_TO_32_BIT_CONVERSION = YES;
				GCC_WARN_ABOUT_RETURN_TYPE = YES_ERROR;
				GCC_WARN_UNDECLARED_SELECTOR = YES;
				GCC_WARN_UNINITIALIZED_AUTOS = YES_AGGRESSIVE;
				GCC_WARN_UNUSED_FUNCTION = YES;
				GCC_WARN_UNUSED_VARIABLE = YES;
				IPHONEOS_DEPLOYMENT_TARGET = 8.3;
				MTL_ENABLE_DEBUG_INFO = NO;
				SDKROOT = iphoneos;
				VALIDATE_PRODUCT = YES;
			};
			name = Release;
		};
		445BB06A1AE73F4300F87BF3 /* Debug */ = {
			isa = XCBuildConfiguration;
			buildSettings = {
				ASSETCATALOG_COMPILER_APPICON_NAME = AppIcon;
				INFOPLIST_FILE = "Tips With Tabs/Info.plist";
				LD_RUNPATH_SEARCH_PATHS = "$(inherited) @executable_path/Frameworks";
				PRODUCT_NAME = "$(TARGET_NAME)";
			};
			name = Debug;
		};
		445BB06B1AE73F4300F87BF3 /* Release */ = {
			isa = XCBuildConfiguration;
			buildSettings = {
				ASSETCATALOG_COMPILER_APPICON_NAME = AppIcon;
				INFOPLIST_FILE = "Tips With Tabs/Info.plist";
				LD_RUNPATH_SEARCH_PATHS = "$(inherited) @executable_path/Frameworks";
				PRODUCT_NAME = "$(TARGET_NAME)";
			};
			name = Release;
		};
		445BB06D1AE73F4300F87BF3 /* Debug */ = {
			isa = XCBuildConfiguration;
			buildSettings = {
				BUNDLE_LOADER = "$(TEST_HOST)";
				FRAMEWORK_SEARCH_PATHS = (
					"$(SDKROOT)/Developer/Library/Frameworks",
					"$(inherited)",
				);
				GCC_PREPROCESSOR_DEFINITIONS = (
					"DEBUG=1",
					"$(inherited)",
				);
				INFOPLIST_FILE = "Tips With TabsTests/Info.plist";
				LD_RUNPATH_SEARCH_PATHS = "$(inherited) @executable_path/Frameworks @loader_path/Frameworks";
				PRODUCT_NAME = "$(TARGET_NAME)";
				TEST_HOST = "$(BUILT_PRODUCTS_DIR)/Tips With Tabs.app/Tips With Tabs";
			};
			name = Debug;
		};
		445BB06E1AE73F4300F87BF3 /* Release */ = {
			isa = XCBuildConfiguration;
			buildSettings = {
				BUNDLE_LOADER = "$(TEST_HOST)";
				FRAMEWORK_SEARCH_PATHS = (
					"$(SDKROOT)/Developer/Library/Frameworks",
					"$(inherited)",
				);
				INFOPLIST_FILE = "Tips With TabsTests/Info.plist";
				LD_RUNPATH_SEARCH_PATHS = "$(inherited) @executable_path/Frameworks @loader_path/Frameworks";
				PRODUCT_NAME = "$(TARGET_NAME)";
				TEST_HOST = "$(BUILT_PRODUCTS_DIR)/Tips With Tabs.app/Tips With Tabs";
			};
			name = Release;
		};
/* End XCBuildConfiguration section */

/* Begin XCConfigurationList section */
		445BB0421AE73F4300F87BF3 /* Build configuration list for PBXProject "Tips With Tabs" */ = {
			isa = XCConfigurationList;
			buildConfigurations = (
				445BB0671AE73F4300F87BF3 /* Debug */,
				445BB0681AE73F4300F87BF3 /* Release */,
			);
			defaultConfigurationIsVisible = 0;
			defaultConfigurationName = Release;
		};
		445BB0691AE73F4300F87BF3 /* Build configuration list for PBXNativeTarget "Tips With Tabs" */ = {
			isa = XCConfigurationList;
			buildConfigurations = (
				445BB06A1AE73F4300F87BF3 /* Debug */,
				445BB06B1AE73F4300F87BF3 /* Release */,
			);
			defaultConfigurationIsVisible = 0;
		};
		445BB06C1AE73F4300F87BF3 /* Build configuration list for PBXNativeTarget "Tips With TabsTests" */ = {
			isa = XCConfigurationList;
			buildConfigurations = (
				445BB06D1AE73F4300F87BF3 /* Debug */,
				445BB06E1AE73F4300F87BF3 /* Release */,
			);
			defaultConfigurationIsVisible = 0;
		};
/* End XCConfigurationList section */

/* Begin XCVersionGroup section */
		445BB04E1AE73F4300F87BF3 /* Tips_With_Tabs.xcdatamodeld */ = {
			isa = XCVersionGroup;
			children = (
				445BB04F1AE73F4300F87BF3 /* Tips_With_Tabs.xcdatamodel */,
			);
			currentVersion = 445BB04F1AE73F4300F87BF3 /* Tips_With_Tabs.xcdatamodel */;
			path = Tips_With_Tabs.xcdatamodeld;
			sourceTree = "<group>";
			versionGroupType = wrapper.xcdatamodel;
		};
/* End XCVersionGroup section */
	};
	rootObject = 445BB03F1AE73F4300F87BF3 /* Project object */;
}
